
Microsoft Visual Studio Solution File, Format Version 12.00
# Visual Studio Version 16
VisualStudioVersion = 16.0.29920.165
MinimumVisualStudioVersion = 10.0.40219.1
Project("{FAE04EC0-301F-11D3-BF4B-00C04F79EFBC}") = "MediaPlayerUI", "MediaPlayerUI\MediaPlayerUI.csproj", "{665E0671-7A99-4D62-998F-7128D7F1385D}"
EndProject
Global
	GlobalSection(SolutionConfigurationPlatforms) = preSolution
		Debug|Any CPU = Debug|Any CPU
		Release|Any CPU = Release|Any CPU
	EndGlobalSection
	GlobalSection(ProjectConfigurationPlatforms) = postSolution
		{665E0671-7A99-4D62-998F-7128D7F1385D}.Debug|Any CPU.ActiveCfg = Debug|Any CPU
		{665E0671-7A99-4D62-998F-7128D7F1385D}.Debug|Any CPU.Build.0 = Debug|Any CPU
		{665E0671-7A99-4D62-998F-7128D7F1385D}.Release|Any CPU.ActiveCfg = Release|Any CPU
		{665E0671-7A99-4D62-998F-7128D7F1385D}.Release|Any CPU.Build.0 = Release|Any CPU
	EndGlobalSection
	GlobalSection(SolutionProperties) = preSolution
		HideSolutionNode = FALSE
	EndGlobalSection
	GlobalSection(ExtensibilityGlobals) = postSolution
		SolutionGuid = {216B9950-5426-464C-842B-EE4F80961278}
	EndGlobalSection
EndGlobal
